<?xml version="1.0" encoding="utf-8"?>
<Project ToolsVersion="4.0" xmlns="http://schemas.microsoft.com/developer/msbuild/2003">
  <ItemGroup>
    <Filter Include="Examples">
      <UniqueIdentifier>{643CF628-5009-5134-7922-3FDC654E86C2}</UniqueIdentifier>
    </Filter>
    <Filter Include="Examples\BillboardLoading">
      <UniqueIdentifier>{DC0A55D9-48CD-8863-917D-17F0FD7E6141}</UniqueIdentifier>
    </Filter>
    <Filter Include="Examples\ModelLoading">
      <UniqueIdentifier>{425370F3-AEBF-2BEE-77B3-C34BE3DE4D56}</UniqueIdentifier>
    </Filter>
    <Filter Include="Examples\SkyboxLoading">
      <UniqueIdentifier>{B16261F1-9D5C-8A43-86C9-20547262F0AF}</UniqueIdentifier>
    </Filter>
    <Filter Include="Examples\SpecularMaps">
      <UniqueIdentifier>{43A5A987-AF11-6582-7805-FDDFE43087EA}</UniqueIdentifier>
    </Filter>
    <Filter Include="Examples\TerrainLoading">
      <UniqueIdentifier>{E605D06A-523D-1802-5B47-7C25C7FD3EFB}</UniqueIdentifier>
    </Filter>
    <Filter Include="Examples\Transformations">
      <UniqueIdentifier>{7DC2CAFF-69E7-1980-9232-FF0F7EB6189E}</UniqueIdentifier>
    </Filter>
    <Filter Include="Examples\WaterLoading">
      <UniqueIdentifier>{D41E145C-408B-CF56-097F-67B475AAF1BE}</UniqueIdentifier>
    </Filter>
    <Filter Include="Sandbox3D">
      <UniqueIdentifier>{CB155D3F-3780-11B6-80BE-C25BEC67EF0A}</UniqueIdentifier>
    </Filter>
    <Filter Include="Sandbox3D\Model">
      <UniqueIdentifier>{4B6BD995-B7F6-465A-C007-CA4E2C12A35A}</UniqueIdentifier>
    </Filter>
    <Filter Include="Sandbox3D\Model\Collisions">
      <UniqueIdentifier>{59BFECDA-45CF-98AB-AE88-FDC99AB78744}</UniqueIdentifier>
    </Filter>
    <Filter Include="Sandbox3D\Model\tinyobjloader">
      <UniqueIdentifier>{D0CDA807-3CE6-8F31-0593-1FCB716A24CB}</UniqueIdentifier>
    </Filter>
    <Filter Include="Sandbox3D\Player">
      <UniqueIdentifier>{87B4CE57-73AD-EDA9-9CDF-D22E8837CDB5}</UniqueIdentifier>
    </Filter>
    <Filter Include="Sandbox3D\Primitives">
      <UniqueIdentifier>{C67E86DC-B20D-10A6-5B2C-24A1479A204C}</UniqueIdentifier>
    </Filter>
    <Filter Include="Sandbox3D\Skybox">
      <UniqueIdentifier>{7ADEC85E-66D7-E7B0-8F09-CD357B61C7BC}</UniqueIdentifier>
    </Filter>
    <Filter Include="Sandbox3D\Terrain">
      <UniqueIdentifier>{2FD46976-9BEA-670C-E461-F32D50B73894}</UniqueIdentifier>
    </Filter>
    <Filter Include="Sandbox3D\Water">
      <UniqueIdentifier>{1DF78696-8982-F45A-9293-774FFE9D505B}</UniqueIdentifier>
    </Filter>
    <Filter Include="Sandbox3D\stb_image">
      <UniqueIdentifier>{25C0B9AF-9121-97BD-1A8F-DD6F86EFCD7C}</UniqueIdentifier>
    </Filter>
  </ItemGroup>
  <ItemGroup>
    <ClInclude Include="src\DX11TestLayer.h" />
    <ClInclude Include="src\ExampleLayer.h" />
    <ClInclude Include="src\Examples\BillboardLoading\BillboardLoading.h">
      <Filter>Examples\BillboardLoading</Filter>
    </ClInclude>
    <ClInclude Include="src\Examples\ModelLoading\ModelLoading.h">
      <Filter>Examples\ModelLoading</Filter>
    </ClInclude>
    <ClInclude Include="src\Examples\SkyboxLoading\SkyboxLoading.h">
      <Filter>Examples\SkyboxLoading</Filter>
    </ClInclude>
    <ClInclude Include="src\Examples\SpecularMaps\SpecularMaps.h">
      <Filter>Examples\SpecularMaps</Filter>
    </ClInclude>
    <ClInclude Include="src\Examples\TerrainLoading\TerrainLoading.h">
      <Filter>Examples\TerrainLoading</Filter>
    </ClInclude>
    <ClInclude Include="src\Examples\Transformations\Transformations.h">
      <Filter>Examples\Transformations</Filter>
    </ClInclude>
    <ClInclude Include="src\Examples\WaterLoading\WaterLoading.h">
      <Filter>Examples\WaterLoading</Filter>
    </ClInclude>
    <ClInclude Include="src\Sandbox2D.h" />
    <ClInclude Include="src\Sandbox3D\Model\Billboard.h">
      <Filter>Sandbox3D\Model</Filter>
    </ClInclude>
    <ClInclude Include="src\Sandbox3D\Model\Collisions\CollisionBox3D.h">
      <Filter>Sandbox3D\Model\Collisions</Filter>
    </ClInclude>
    <ClInclude Include="src\Sandbox3D\Model\GameObject.h">
      <Filter>Sandbox3D\Model</Filter>
    </ClInclude>
    <ClInclude Include="src\Sandbox3D\Model\Light.h">
      <Filter>Sandbox3D\Model</Filter>
    </ClInclude>
    <ClInclude Include="src\Sandbox3D\Model\Material.h">
      <Filter>Sandbox3D\Model</Filter>
    </ClInclude>
    <ClInclude Include="src\Sandbox3D\Model\Mesh.h">
      <Filter>Sandbox3D\Model</Filter>
    </ClInclude>
    <ClInclude Include="src\Sandbox3D\Model\Model.h">
      <Filter>Sandbox3D\Model</Filter>
    </ClInclude>
    <ClInclude Include="src\Sandbox3D\Model\ModelLoader.h">
      <Filter>Sandbox3D\Model</Filter>
    </ClInclude>
    <ClInclude Include="src\Sandbox3D\Model\tinyobjloader\tiny_obj_loader.h">
      <Filter>Sandbox3D\Model\tinyobjloader</Filter>
    </ClInclude>
    <ClInclude Include="src\Sandbox3D\Player\PlayerController.h">
      <Filter>Sandbox3D\Player</Filter>
    </ClInclude>
    <ClInclude Include="src\Sandbox3D\Primitives\Plane.h">
      <Filter>Sandbox3D\Primitives</Filter>
    </ClInclude>
    <ClInclude Include="src\Sandbox3D\Primitives\Primitive.h">
      <Filter>Sandbox3D\Primitives</Filter>
    </ClInclude>
    <ClInclude Include="src\Sandbox3D\Sandbox3D.h">
      <Filter>Sandbox3D</Filter>
    </ClInclude>
    <ClInclude Include="src\Sandbox3D\Skybox\Skybox.h">
      <Filter>Sandbox3D\Skybox</Filter>
    </ClInclude>
    <ClInclude Include="src\Sandbox3D\Terrain\Terrain.h">
      <Filter>Sandbox3D\Terrain</Filter>
    </ClInclude>
    <ClInclude Include="src\Sandbox3D\Water\Water.h">
      <Filter>Sandbox3D\Water</Filter>
    </ClInclude>
    <ClInclude Include="src\Sandbox3D\stb_image\stb_image.h">
      <Filter>Sandbox3D\stb_image</Filter>
    </ClInclude>
    <ClInclude Include="src\Scene\Island.h" />
    <ClInclude Include="src\Scene\BasicWater.h" />
  </ItemGroup>
  <ItemGroup>
    <ClCompile Include="src\DX11TestLayer.cpp" />
    <ClCompile Include="src\Examples\BillboardLoading\BillboardLoading.cpp">
      <Filter>Examples\BillboardLoading</Filter>
    </ClCompile>
    <ClCompile Include="src\Examples\ModelLoading\ModelLoading.cpp">
      <Filter>Examples\ModelLoading</Filter>
    </ClCompile>
    <ClCompile Include="src\Examples\SkyboxLoading\SkyboxLoading.cpp">
      <Filter>Examples\SkyboxLoading</Filter>
    </ClCompile>
    <ClCompile Include="src\Examples\SpecularMaps\SpecularMaps.cpp">
      <Filter>Examples\SpecularMaps</Filter>
    </ClCompile>
    <ClCompile Include="src\Examples\TerrainLoading\TerrainLoading.cpp">
      <Filter>Examples\TerrainLoading</Filter>
    </ClCompile>
    <ClCompile Include="src\Examples\Transformations\Transformations.cpp">
      <Filter>Examples\Transformations</Filter>
    </ClCompile>
    <ClCompile Include="src\Examples\WaterLoading\WaterLoading.cpp">
      <Filter>Examples\WaterLoading</Filter>
    </ClCompile>
    <ClCompile Include="src\Sandbox2D.cpp" />
    <ClCompile Include="src\Sandbox3D\Model\Billboard.cpp">
      <Filter>Sandbox3D\Model</Filter>
    </ClCompile>
    <ClCompile Include="src\Sandbox3D\Model\Collisions\CollisionBox3D.cpp">
      <Filter>Sandbox3D\Model\Collisions</Filter>
    </ClCompile>
    <ClCompile Include="src\Sandbox3D\Model\GameObject.cpp">
      <Filter>Sandbox3D\Model</Filter>
    </ClCompile>
    <ClCompile Include="src\Sandbox3D\Model\Material.cpp">
      <Filter>Sandbox3D\Model</Filter>
    </ClCompile>
    <ClCompile Include="src\Sandbox3D\Model\Mesh.cpp">
      <Filter>Sandbox3D\Model</Filter>
    </ClCompile>
    <ClCompile Include="src\Sandbox3D\Model\Model.cpp">
      <Filter>Sandbox3D\Model</Filter>
    </ClCompile>
    <ClCompile Include="src\Sandbox3D\Model\ModelLoader.cpp">
      <Filter>Sandbox3D\Model</Filter>
    </ClCompile>
    <ClCompile Include="src\Sandbox3D\Player\PlayerController.cpp">
      <Filter>Sandbox3D\Player</Filter>
    </ClCompile>
    <ClCompile Include="src\Sandbox3D\Primitives\Plane.cpp">
      <Filter>Sandbox3D\Primitives</Filter>
    </ClCompile>
    <ClCompile Include="src\Sandbox3D\Sandbox3D.cpp">
      <Filter>Sandbox3D</Filter>
    </ClCompile>
    <ClCompile Include="src\Sandbox3D\Skybox\Skybox.cpp">
      <Filter>Sandbox3D\Skybox</Filter>
    </ClCompile>
    <ClCompile Include="src\Sandbox3D\Terrain\Terrain.cpp">
      <Filter>Sandbox3D\Terrain</Filter>
    </ClCompile>
    <ClCompile Include="src\Sandbox3D\Water\Water.cpp">
      <Filter>Sandbox3D\Water</Filter>
    </ClCompile>
    <ClCompile Include="src\Sandbox3D\stb_image\stb_image.cpp">
      <Filter>Sandbox3D\stb_image</Filter>
    </ClCompile>
    <ClCompile Include="src\SandboxApp.cpp" />
    <ClCompile Include="src\Scene\Island.cpp" />
    <ClCompile Include="src\Scene\BasicWater.cpp" />
  </ItemGroup>
</Project>